{
  "name": "raspivid-stream",
  "version": "0.2.1",
  "lockfileVersion": 1,
  "requires": true,
  "dependencies": {
    "raspivid": {
      "version": "1.0.0",
      "resolved": "https://registry.npmjs.org/raspivid/-/raspivid-1.0.0.tgz",
      "integrity": "sha1-nxGb7svVsQOlAAavc3FIOi72kx8="
    },
    "stream-concat": {
      "version": "0.1.1",
      "resolved": "https://registry.npmjs.org/stream-concat/-/stream-concat-0.1.1.tgz",
      "integrity": "sha512-rQUBqNe2AiUrRbvUVZ3pkA1roaah2dbFVZEtDWsSE+9uzZFCEew8sSclThHJhG1zXHBKt9p+Sx12t9KRzvnigQ=="
    },
    "stream-split": {
      "version": "1.1.0",
      "resolved": "https://registry.npmjs.org/stream-split/-/stream-split-1.1.0.tgz",
      "integrity": "sha1-2bXF4PoJkaTalflukfXxUYBNPTw="
    }
  }
}
